
Microsoft Visual Studio Solution File, Format Version 12.00
# Visual Studio Version 17
VisualStudioVersion = 17.0.31903.59
MinimumVisualStudioVersion = 10.0.40219.1
Project("{6EC3EE1D-3C4E-46DD-8F32-0CC8E7565705}") = "ChickenScratch", "ChickenScratch\ChickenScratch.fsproj", "{CECF32AC-6D3E-46DF-AA0D-339E5506BD9F}"
EndProject
Project("{F2A71F9B-5D33-465A-A702-920D77279786}") = "ChickenScratch.Interactive", "ChickenScratch.Interactive\ChickenScratch.Interactive.fsproj", "{00472A09-6634-4F59-9EBB-53F7181C4543}"
EndProject
Global
	GlobalSection(SolutionConfigurationPlatforms) = preSolution
		Debug|Any CPU = Debug|Any CPU
		Release|Any CPU = Release|Any CPU
	EndGlobalSection
	GlobalSection(ProjectConfigurationPlatforms) = postSolution
		{CECF32AC-6D3E-46DF-AA0D-339E5506BD9F}.Debug|Any CPU.ActiveCfg = Debug|Any CPU
		{CECF32AC-6D3E-46DF-AA0D-339E5506BD9F}.Debug|Any CPU.Build.0 = Debug|Any CPU
		{CECF32AC-6D3E-46DF-AA0D-339E5506BD9F}.Release|Any CPU.ActiveCfg = Release|Any CPU
		{CECF32AC-6D3E-46DF-AA0D-339E5506BD9F}.Release|Any CPU.Build.0 = Release|Any CPU
		{00472A09-6634-4F59-9EBB-53F7181C4543}.Debug|Any CPU.ActiveCfg = Debug|Any CPU
		{00472A09-6634-4F59-9EBB-53F7181C4543}.Debug|Any CPU.Build.0 = Debug|Any CPU
		{00472A09-6634-4F59-9EBB-53F7181C4543}.Release|Any CPU.ActiveCfg = Release|Any CPU
		{00472A09-6634-4F59-9EBB-53F7181C4543}.Release|Any CPU.Build.0 = Release|Any CPU
	EndGlobalSection
	GlobalSection(SolutionProperties) = preSolution
		HideSolutionNode = FALSE
	EndGlobalSection
	GlobalSection(ExtensibilityGlobals) = postSolution
		SolutionGuid = {C94299B3-4F4B-479E-A86C-BE7E2A5B7D7B}
	EndGlobalSection
EndGlobal
